// !$*UTF8*$!
{
	archiveVersion = 1;
	classes = {
	};
	objectVersion = 55;
	objects = {

/* Begin PBXBuildFile section */
		512804E429076D19001CA814 /* AppDelegate.swift in Sources */ = {isa = PBXBuildFile; fileRef = 512804E329076D19001CA814 /* AppDelegate.swift */; };
		512804E629076D19001CA814 /* SceneDelegate.swift in Sources */ = {isa = PBXBuildFile; fileRef = 512804E529076D19001CA814 /* SceneDelegate.swift */; };
		512804E829076D19001CA814 /* LoginViewController.swift in Sources */ = {isa = PBXBuildFile; fileRef = 512804E729076D19001CA814 /* LoginViewController.swift */; };
		512804EB29076D19001CA814 /* Main.storyboard in Resources */ = {isa = PBXBuildFile; fileRef = 512804E929076D19001CA814 /* Main.storyboard */; };
		512804ED29076D1F001CA814 /* Assets.xcassets in Resources */ = {isa = PBXBuildFile; fileRef = 512804EC29076D1F001CA814 /* Assets.xcassets */; };
		512804F029076D1F001CA814 /* LaunchScreen.storyboard in Resources */ = {isa = PBXBuildFile; fileRef = 512804EE29076D1F001CA814 /* LaunchScreen.storyboard */; };
		512804FA290774BC001CA814 /* LoginView.swift in Sources */ = {isa = PBXBuildFile; fileRef = 512804F9290774BC001CA814 /* LoginView.swift */; };
		512804FD29093F01001CA814 /* OnboardingViewController.swift in Sources */ = {isa = PBXBuildFile; fileRef = 512804FC29093F01001CA814 /* OnboardingViewController.swift */; };
		512804FF29093F14001CA814 /* OnboardingContainerViewController.swift in Sources */ = {isa = PBXBuildFile; fileRef = 512804FE29093F14001CA814 /* OnboardingContainerViewController.swift */; };
		51B424C7290A223400DFBEC4 /* DummyViewController.swift in Sources */ = {isa = PBXBuildFile; fileRef = 51B424C6290A223400DFBEC4 /* DummyViewController.swift */; };
		51B424CA290A416900DFBEC4 /* LocalState.swift in Sources */ = {isa = PBXBuildFile; fileRef = 51B424C9290A416900DFBEC4 /* LocalState.swift */; };
		51B424CD290A6BCD00DFBEC4 /* Extensions.swift in Sources */ = {isa = PBXBuildFile; fileRef = 51B424CC290A6BCD00DFBEC4 /* Extensions.swift */; };
		51B424CF290A6E5C00DFBEC4 /* MainTabBarController.swift in Sources */ = {isa = PBXBuildFile; fileRef = 51B424CE290A6E5C00DFBEC4 /* MainTabBarController.swift */; };
/* End PBXBuildFile section */

/* Begin PBXFileReference section */
		512804E029076D19001CA814 /* MilkyWay.app */ = {isa = PBXFileReference; explicitFileType = wrapper.application; includeInIndex = 0; path = MilkyWay.app; sourceTree = BUILT_PRODUCTS_DIR; };
		512804E329076D19001CA814 /* AppDelegate.swift */ = {isa = PBXFileReference; lastKnownFileType = sourcecode.swift; path = AppDelegate.swift; sourceTree = "<group>"; };
		512804E529076D19001CA814 /* SceneDelegate.swift */ = {isa = PBXFileReference; lastKnownFileType = sourcecode.swift; path = SceneDelegate.swift; sourceTree = "<group>"; };
		512804E729076D19001CA814 /* LoginViewController.swift */ = {isa = PBXFileReference; lastKnownFileType = sourcecode.swift; path = LoginViewController.swift; sourceTree = "<group>"; };
		512804EA29076D19001CA814 /* Base */ = {isa = PBXFileReference; lastKnownFileType = file.storyboard; name = Base; path = Base.lproj/Main.storyboard; sourceTree = "<group>"; };
		512804EC29076D1F001CA814 /* Assets.xcassets */ = {isa = PBXFileReference; lastKnownFileType = folder.assetcatalog; path = Assets.xcassets; sourceTree = "<group>"; };
		512804EF29076D1F001CA814 /* Base */ = {isa = PBXFileReference; lastKnownFileType = file.storyboard; name = Base; path = Base.lproj/LaunchScreen.storyboard; sourceTree = "<group>"; };
		512804F129076D1F001CA814 /* Info.plist */ = {isa = PBXFileReference; lastKnownFileType = text.plist.xml; path = Info.plist; sourceTree = "<group>"; };
		512804F9290774BC001CA814 /* LoginView.swift */ = {isa = PBXFileReference; lastKnownFileType = sourcecode.swift; path = LoginView.swift; sourceTree = "<group>"; };
		512804FC29093F01001CA814 /* OnboardingViewController.swift */ = {isa = PBXFileReference; lastKnownFileType = sourcecode.swift; path = OnboardingViewController.swift; sourceTree = "<group>"; };
		512804FE29093F14001CA814 /* OnboardingContainerViewController.swift */ = {isa = PBXFileReference; lastKnownFileType = sourcecode.swift; path = OnboardingContainerViewController.swift; sourceTree = "<group>"; };
		51B424C6290A223400DFBEC4 /* DummyViewController.swift */ = {isa = PBXFileReference; lastKnownFileType = sourcecode.swift; path = DummyViewController.swift; sourceTree = "<group>"; };
		51B424C9290A416900DFBEC4 /* LocalState.swift */ = {isa = PBXFileReference; lastKnownFileType = sourcecode.swift; path = LocalState.swift; sourceTree = "<group>"; };
		51B424CC290A6BCD00DFBEC4 /* Extensions.swift */ = {isa = PBXFileReference; lastKnownFileType = sourcecode.swift; path = Extensions.swift; sourceTree = "<group>"; };
		51B424CE290A6E5C00DFBEC4 /* MainTabBarController.swift */ = {isa = PBXFileReference; lastKnownFileType = sourcecode.swift; path = MainTabBarController.swift; sourceTree = "<group>"; };
/* End PBXFileReference section */

/* Begin PBXFrameworksBuildPhase section */
		512804DD29076D19001CA814 /* Frameworks */ = {
			isa = PBXFrameworksBuildPhase;
			buildActionMask = 2147483647;
			files = (
			);
			runOnlyForDeploymentPostprocessing = 0;
		};
/* End PBXFrameworksBuildPhase section */

/* Begin PBXGroup section */
		512804D729076D19001CA814 = {
			isa = PBXGroup;
			children = (
				512804E229076D19001CA814 /* MilkyWay */,
				512804E129076D19001CA814 /* Products */,
			);
			sourceTree = "<group>";
		};
		512804E129076D19001CA814 /* Products */ = {
			isa = PBXGroup;
			children = (
				512804E029076D19001CA814 /* MilkyWay.app */,
			);
			name = Products;
			sourceTree = "<group>";
		};
		512804E229076D19001CA814 /* MilkyWay */ = {
			isa = PBXGroup;
			children = (
				51B424CB290A6BBD00DFBEC4 /* Extensions */,
				51B424C8290A411F00DFBEC4 /* Util */,
				512804FB290930A3001CA814 /* Onboarding */,
				512804F829077344001CA814 /* Files */,
				512804F729077337001CA814 /* Login */,
				512804E329076D19001CA814 /* AppDelegate.swift */,
				51B424CE290A6E5C00DFBEC4 /* MainTabBarController.swift */,
				512804E529076D19001CA814 /* SceneDelegate.swift */,
				512804E929076D19001CA814 /* Main.storyboard */,
				512804EC29076D1F001CA814 /* Assets.xcassets */,
				512804EE29076D1F001CA814 /* LaunchScreen.storyboard */,
				512804F129076D1F001CA814 /* Info.plist */,
			);
			path = MilkyWay;
			sourceTree = "<group>";
		};
		512804F729077337001CA814 /* Login */ = {
			isa = PBXGroup;
			children = (
				512804E729076D19001CA814 /* LoginViewController.swift */,
				51B424C6290A223400DFBEC4 /* DummyViewController.swift */,
				512804F9290774BC001CA814 /* LoginView.swift */,
			);
			path = Login;
			sourceTree = "<group>";
		};
		512804F829077344001CA814 /* Files */ = {
			isa = PBXGroup;
			children = (
			);
			path = Files;
			sourceTree = "<group>";
		};
		512804FB290930A3001CA814 /* Onboarding */ = {
			isa = PBXGroup;
			children = (
				512804FC29093F01001CA814 /* OnboardingViewController.swift */,
				512804FE29093F14001CA814 /* OnboardingContainerViewController.swift */,
			);
			path = Onboarding;
			sourceTree = "<group>";
		};
		51B424C8290A411F00DFBEC4 /* Util */ = {
			isa = PBXGroup;
			children = (
				51B424C9290A416900DFBEC4 /* LocalState.swift */,
			);
			path = Util;
			sourceTree = "<group>";
		};
		51B424CB290A6BBD00DFBEC4 /* Extensions */ = {
			isa = PBXGroup;
			children = (
				51B424CC290A6BCD00DFBEC4 /* Extensions.swift */,
			);
			path = Extensions;
			sourceTree = "<group>";
		};
/* End PBXGroup section */

/* Begin PBXNativeTarget section */
		512804DF29076D19001CA814 /* MilkyWay */ = {
			isa = PBXNativeTarget;
			buildConfigurationList = 512804F429076D1F001CA814 /* Build configuration list for PBXNativeTarget "MilkyWay" */;
			buildPhases = (
				512804DC29076D19001CA814 /* Sources */,
				512804DD29076D19001CA814 /* Frameworks */,
				512804DE29076D19001CA814 /* Resources */,
			);
			buildRules = (
			);
			dependencies = (
			);
			name = MilkyWay;
			productName = MilkyWay;
			productReference = 512804E029076D19001CA814 /* MilkyWay.app */;
			productType = "com.apple.product-type.application";
		};
/* End PBXNativeTarget section */

/* Begin PBXProject section */
		512804D829076D19001CA814 /* Project object */ = {
			isa = PBXProject;
			attributes = {
				BuildIndependentTargetsInParallel = 1;
				LastSwiftUpdateCheck = 1340;
				LastUpgradeCheck = 1340;
				TargetAttributes = {
					512804DF29076D19001CA814 = {
						CreatedOnToolsVersion = 13.4.1;
					};
				};
			};
			buildConfigurationList = 512804DB29076D19001CA814 /* Build configuration list for PBXProject "MilkyWay" */;
			compatibilityVersion = "Xcode 13.0";
			developmentRegion = en;
			hasScannedForEncodings = 0;
			knownRegions = (
				en,
				Base,
			);
			mainGroup = 512804D729076D19001CA814;
			productRefGroup = 512804E129076D19001CA814 /* Products */;
			projectDirPath = "";
			projectRoot = "";
			targets = (
				512804DF29076D19001CA814 /* MilkyWay */,
			);
		};
/* End PBXProject section */

/* Begin PBXResourcesBuildPhase section */
		512804DE29076D19001CA814 /* Resources */ = {
			isa = PBXResourcesBuildPhase;
			buildActionMask = 2147483647;
			files = (
				512804F029076D1F001CA814 /* LaunchScreen.storyboard in Resources */,
				512804ED29076D1F001CA814 /* Assets.xcassets in Resources */,
				512804EB29076D19001CA814 /* Main.storyboard in Resources */,
			);
			runOnlyForDeploymentPostprocessing = 0;
		};
/* End PBXResourcesBuildPhase section */

/* Begin PBXSourcesBuildPhase section */
		512804DC29076D19001CA814 /* Sources */ = {
			isa = PBXSourcesBuildPhase;
			buildActionMask = 2147483647;
			files = (
				51B424C7290A223400DFBEC4 /* DummyViewController.swift in Sources */,
				51B424CD290A6BCD00DFBEC4 /* Extensions.swift in Sources */,
				51B424CF290A6E5C00DFBEC4 /* MainTabBarController.swift in Sources */,
				512804E829076D19001CA814 /* LoginViewController.swift in Sources */,
				512804FF29093F14001CA814 /* OnboardingContainerViewController.swift in Sources */,
				512804E429076D19001CA814 /* AppDelegate.swift in Sources */,
				512804FD29093F01001CA814 /* OnboardingViewController.swift in Sources */,
				512804FA290774BC001CA814 /* LoginView.swift in Sources */,
				512804E629076D19001CA814 /* SceneDelegate.swift in Sources */,
				51B424CA290A416900DFBEC4 /* LocalState.swift in Sources */,
			);
			runOnlyForDeploymentPostprocessing = 0;
		};
/* End PBXSourcesBuildPhase section */

/* Begin PBXVariantGroup section */
		512804E929076D19001CA814 /* Main.storyboard */ = {
			isa = PBXVariantGroup;
			children = (
				512804EA29076D19001CA814 /* Base */,
			);
			name = Main.storyboard;
			sourceTree = "<group>";
		};
		512804EE29076D1F001CA814 /* LaunchScreen.storyboard */ = {
			isa = PBXVariantGroup;
			children = (
				512804EF29076D1F001CA814 /* Base */,
			);
			name = LaunchScreen.storyboard;
			sourceTree = "<group>";
		};
/* End PBXVariantGroup section */

/* Begin XCBuildConfiguration section */
		512804F229076D1F001CA814 /* Debug */ = {
			isa = XCBuildConfiguration;
			buildSettings = {
				ALWAYS_SEARCH_USER_PATHS = NO;
				CLANG_ANALYZER_NONNULL = YES;
				CLANG_ANALYZER_NUMBER_OBJECT_CONVERSION = YES_AGGRESSIVE;
				CLANG_CXX_LANGUAGE_STANDARD = "gnu++17";
				CLANG_ENABLE_MODULES = YES;
				CLANG_ENABLE_OBJC_ARC = YES;
				CLANG_ENABLE_OBJC_WEAK = YES;
				CLANG_WARN_BLOCK_CAPTURE_AUTORELEASING = YES;
				CLANG_WARN_BOOL_CONVERSION = YES;
				CLANG_WARN_COMMA = YES;
				CLANG_WARN_CONSTANT_CONVERSION = YES;
				CLANG_WARN_DEPRECATED_OBJC_IMPLEMENTATIONS = YES;
				CLANG_WARN_DIRECT_OBJC_ISA_USAGE = YES_ERROR;
				CLANG_WARN_DOCUMENTATION_COMMENTS = YES;
				CLANG_WARN_EMPTY_BODY = YES;
				CLANG_WARN_ENUM_CONVERSION = YES;
				CLANG_WARN_INFINITE_RECURSION = YES;
				CLANG_WARN_INT_CONVERSION = YES;
				CLANG_WARN_NON_LITERAL_NULL_CONVERSION = YES;
				CLANG_WARN_OBJC_IMPLICIT_RETAIN_SELF = YES;
				CLANG_WARN_OBJC_LITERAL_CONVERSION = YES;
				CLANG_WARN_OBJC_ROOT_CLASS = YES_ERROR;
				CLANG_WARN_QUOTED_INCLUDE_IN_FRAMEWORK_HEADER = YES;
				CLANG_WARN_RANGE_LOOP_ANALYSIS = YES;
				CLANG_WARN_STRICT_PROTOTYPES = YES;
				CLANG_WARN_SUSPICIOUS_MOVE = YES;
				CLANG_WARN_UNGUARDED_AVAILABILITY = YES_AGGRESSIVE;
				CLANG_WARN_UNREACHABLE_CODE = YES;
				CLANG_WARN__DUPLICATE_METHOD_MATCH = YES;
				COPY_PHASE_STRIP = NO;
				DEBUG_INFORMATION_FORMAT = dwarf;
				ENABLE_STRICT_OBJC_MSGSEND = YES;
				ENABLE_TESTABILITY = YES;
				GCC_C_LANGUAGE_STANDARD = gnu11;
				GCC_DYNAMIC_NO_PIC = NO;
				GCC_NO_COMMON_BLOCKS = YES;
				GCC_OPTIMIZATION_LEVEL = 0;
				GCC_PREPROCESSOR_DEFINITIONS = (
					"DEBUG=1",
					"$(inherited)",
				);
				GCC_WARN_64_TO_32_BIT_CONVERSION = YES;
				GCC_WARN_ABOUT_RETURN_TYPE = YES_ERROR;
				GCC_WARN_UNDECLARED_SELECTOR = YES;
				GCC_WARN_UNINITIALIZED_AUTOS = YES_AGGRESSIVE;
				GCC_WARN_UNUSED_FUNCTION = YES;
				GCC_WARN_UNUSED_VARIABLE = YES;
				IPHONEOS_DEPLOYMENT_TARGET = 15.5;
				MTL_ENABLE_DEBUG_INFO = INCLUDE_SOURCE;
				MTL_FAST_MATH = YES;
				ONLY_ACTIVE_ARCH = YES;
				SDKROOT = iphoneos;
				SWIFT_ACTIVE_COMPILATION_CONDITIONS = DEBUG;
				SWIFT_OPTIMIZATION_LEVEL = "-Onone";
			};
			name = Debug;
		};
		512804F329076D1F001CA814 /* Release */ = {
			isa = XCBuildConfiguration;
			buildSettings = {
				ALWAYS_SEARCH_USER_PATHS = NO;
				CLANG_ANALYZER_NONNULL = YES;
				CLANG_ANALYZER_NUMBER_OBJECT_CONVERSION = YES_AGGRESSIVE;
				CLANG_CXX_LANGUAGE_STANDARD = "gnu++17";
				CLANG_ENABLE_MODULES = YES;
				CLANG_ENABLE_OBJC_ARC = YES;
				CLANG_ENABLE_OBJC_WEAK = YES;
				CLANG_WARN_BLOCK_CAPTURE_AUTORELEASING = YES;
				CLANG_WARN_BOOL_CONVERSION = YES;
				CLANG_WARN_COMMA = YES;
				CLANG_WARN_CONSTANT_CONVERSION = YES;
				CLANG_WARN_DEPRECATED_OBJC_IMPLEMENTATIONS = YES;
				CLANG_WARN_DIRECT_OBJC_ISA_USAGE = YES_ERROR;
				CLANG_WARN_DOCUMENTATION_COMMENTS = YES;
				CLANG_WARN_EMPTY_BODY = YES;
				CLANG_WARN_ENUM_CONVERSION = YES;
				CLANG_WARN_INFINITE_RECURSION = YES;
				CLANG_WARN_INT_CONVERSION = YES;
				CLANG_WARN_NON_LITERAL_NULL_CONVERSION = YES;
				CLANG_WARN_OBJC_IMPLICIT_RETAIN_SELF = YES;
				CLANG_WARN_OBJC_LITERAL_CONVERSION = YES;
				CLANG_WARN_OBJC_ROOT_CLASS = YES_ERROR;
				CLANG_WARN_QUOTED_INCLUDE_IN_FRAMEWORK_HEADER = YES;
				CLANG_WARN_RANGE_LOOP_ANALYSIS = YES;
				CLANG_WARN_STRICT_PROTOTYPES = YES;
				CLANG_WARN_SUSPICIOUS_MOVE = YES;
				CLANG_WARN_UNGUARDED_AVAILABILITY = YES_AGGRESSIVE;
				CLANG_WARN_UNREACHABLE_CODE = YES;
				CLANG_WARN__DUPLICATE_METHOD_MATCH = YES;
				COPY_PHASE_STRIP = NO;
				DEBUG_INFORMATION_FORMAT = "dwarf-with-dsym";
				ENABLE_NS_ASSERTIONS = NO;
				ENABLE_STRICT_OBJC_MSGSEND = YES;
				GCC_C_LANGUAGE_STANDARD = gnu11;
				GCC_NO_COMMON_BLOCKS = YES;
				GCC_WARN_64_TO_32_BIT_CONVERSION = YES;
				GCC_WARN_ABOUT_RETURN_TYPE = YES_ERROR;
				GCC_WARN_UNDECLARED_SELECTOR = YES;
				GCC_WARN_UNINITIALIZED_AUTOS = YES_AGGRESSIVE;
				GCC_WARN_UNUSED_FUNCTION = YES;
				GCC_WARN_UNUSED_VARIABLE = YES;
				IPHONEOS_DEPLOYMENT_TARGET = 15.5;
				MTL_ENABLE_DEBUG_INFO = NO;
				MTL_FAST_MATH = YES;
				SDKROOT = iphoneos;
				SWIFT_COMPILATION_MODE = wholemodule;
				SWIFT_OPTIMIZATION_LEVEL = "-O";
				VALIDATE_PRODUCT = YES;
			};
			name = Release;
		};
		512804F529076D1F001CA814 /* Debug */ = {
			isa = XCBuildConfiguration;
			buildSettings = {
				ASSETCATALOG_COMPILER_APPICON_NAME = AppIcon;
				ASSETCATALOG_COMPILER_GLOBAL_ACCENT_COLOR_NAME = AccentColor;
				CODE_SIGN_STYLE = Automatic;
				CURRENT_PROJECT_VERSION = 1;
				DEVELOPMENT_TEAM = M5JCS9BP69;
				GENERATE_INFOPLIST_FILE = YES;
				INFOPLIST_FILE = MilkyWay/Info.plist;
				INFOPLIST_KEY_UIApplicationSupportsIndirectInputEvents = YES;
				INFOPLIST_KEY_UILaunchStoryboardName = LaunchScreen;
				INFOPLIST_KEY_UIMainStoryboardFile = Main;
				INFOPLIST_KEY_UISupportedInterfaceOrientations_iPad = "UIInterfaceOrientationPortrait UIInterfaceOrientationPortraitUpsideDown UIInterfaceOrientationLandscapeLeft UIInterfaceOrientationLandscapeRight";
				INFOPLIST_KEY_UISupportedInterfaceOrientations_iPhone = "UIInterfaceOrientationPortrait UIInterfaceOrientationLandscapeLeft UIInterfaceOrientationLandscapeRight";
				LD_RUNPATH_SEARCH_PATHS = (
					"$(inherited)",
					"@executable_path/Frameworks",
				);
				MARKETING_VERSION = 1.0;
				PRODUCT_BUNDLE_IDENTIFIER = com.salehmasum.MilkyWay;
				PRODUCT_NAME = "$(TARGET_NAME)";
				SWIFT_EMIT_LOC_STRINGS = YES;
				SWIFT_VERSION = 5.0;
				TARGETED_DEVICE_FAMILY = "1,2";
			};
			name = Debug;
		};
		512804F629076D1F001CA814 /* Release */ = {
			isa = XCBuildConfiguration;
			buildSettings = {
				ASSETCATALOG_COMPILER_APPICON_NAME = AppIcon;
				ASSETCATALOG_COMPILER_GLOBAL_ACCENT_COLOR_NAME = AccentColor;
				CODE_SIGN_STYLE = Automatic;
				CURRENT_PROJECT_VERSION = 1;
				DEVELOPMENT_TEAM = M5JCS9BP69;
				GENERATE_INFOPLIST_FILE = YES;
				INFOPLIST_FILE = MilkyWay/Info.plist;
				INFOPLIST_KEY_UIApplicationSupportsIndirectInputEvents = YES;
				INFOPLIST_KEY_UILaunchStoryboardName = LaunchScreen;
				INFOPLIST_KEY_UIMainStoryboardFile = Main;
				INFOPLIST_KEY_UISupportedInterfaceOrientations_iPad = "UIInterfaceOrientationPortrait UIInterfaceOrientationPortraitUpsideDown UIInterfaceOrientationLandscapeLeft UIInterfaceOrientationLandscapeRight";
				INFOPLIST_KEY_UISupportedInterfaceOrientations_iPhone = "UIInterfaceOrientationPortrait UIInterfaceOrientationLandscapeLeft UIInterfaceOrientationLandscapeRight";
				LD_RUNPATH_SEARCH_PATHS = (
					"$(inherited)",
					"@executable_path/Frameworks",
				);
				MARKETING_VERSION = 1.0;
				PRODUCT_BUNDLE_IDENTIFIER = com.salehmasum.MilkyWay;
				PRODUCT_NAME = "$(TARGET_NAME)";
				SWIFT_EMIT_LOC_STRINGS = YES;
				SWIFT_VERSION = 5.0;
				TARGETED_DEVICE_FAMILY = "1,2";
			};
			name = Release;
		};
/* End XCBuildConfiguration section */

/* Begin XCConfigurationList section */
		512804DB29076D19001CA814 /* Build configuration list for PBXProject "MilkyWay" */ = {
			isa = XCConfigurationList;
			buildConfigurations = (
				512804F229076D1F001CA814 /* Debug */,
				512804F329076D1F001CA814 /* Release */,
			);
			defaultConfigurationIsVisible = 0;
			defaultConfigurationName = Release;
		};
		512804F429076D1F001CA814 /* Build configuration list for PBXNativeTarget "MilkyWay" */ = {
			isa = XCConfigurationList;
			buildConfigurations = (
				512804F529076D1F001CA814 /* Debug */,
				512804F629076D1F001CA814 /* Release */,
			);
			defaultConfigurationIsVisible = 0;
			defaultConfigurationName = Release;
		};
/* End XCConfigurationList section */
	};
	rootObject = 512804D829076D19001CA814 /* Project object */;
}
